<?xml version="1.0" encoding="utf-8"?>
<Project ToolsVersion="4.0" xmlns="http://schemas.microsoft.com/developer/msbuild/2003">
  <ItemGroup>
    <Filter Include="Imgui">
      <UniqueIdentifier>{8ed25815-9306-4fb6-a7b9-5fececd257ef}</UniqueIdentifier>
    </Filter>
    <Filter Include="Shader">
      <UniqueIdentifier>{8db9077c-29dc-45ed-93d4-5cddfe0311c1}</UniqueIdentifier>
    </Filter>
    <Filter Include="Shader\Core">
      <UniqueIdentifier>{70111c30-995a-4e53-a9d8-bd6f80f45ea0}</UniqueIdentifier>
    </Filter>
    <Filter Include="Shader\Lib">
      <UniqueIdentifier>{fd48fcc4-0a29-428f-92cf-4e670aed7c36}</UniqueIdentifier>
    </Filter>
    <Filter Include="Shader\EntryPoints">
      <UniqueIdentifier>{83fa8452-8fff-4620-bce1-b8ff77a6fb7b}</UniqueIdentifier>
    </Filter>
    <Filter Include="Shader\PostProcess">
      <UniqueIdentifier>{86fc1eb3-4ee4-4131-bef6-8270c20e3bff}</UniqueIdentifier>
    </Filter>
    <Filter Include="GameObject">
      <UniqueIdentifier>{e5f1958b-d2df-41e1-b6c9-e8571224e7b6}</UniqueIdentifier>
    </Filter>
    <Filter Include="Resource">
      <UniqueIdentifier>{f3769019-e0a7-4ee9-a83e-74802567492c}</UniqueIdentifier>
    </Filter>
    <Filter Include="Scene">
      <UniqueIdentifier>{629d2634-e4c1-4542-b229-56a72634fbc1}</UniqueIdentifier>
    </Filter>
    <Filter Include="System">
      <UniqueIdentifier>{46393acc-0e9c-4eab-8b38-ae71d852e5b6}</UniqueIdentifier>
    </Filter>
    <Filter Include="Utils">
      <UniqueIdentifier>{2939ae83-e8f0-40c7-9f95-832c00c4ed12}</UniqueIdentifier>
    </Filter>
    <Filter Include="System\Renderer">
      <UniqueIdentifier>{ac33fbbd-95ed-4e0e-bd33-291cd98ef638}</UniqueIdentifier>
    </Filter>
  </ItemGroup>
  <ItemGroup>
    <ClCompile Include="external\Imgui\imgui.cpp">
      <Filter>Imgui</Filter>
    </ClCompile>
    <ClCompile Include="external\Imgui\imgui_demo.cpp">
      <Filter>Imgui</Filter>
    </ClCompile>
    <ClCompile Include="external\Imgui\imgui_draw.cpp">
      <Filter>Imgui</Filter>
    </ClCompile>
    <ClCompile Include="external\Imgui\imgui_impl_dx12.cpp">
      <Filter>Imgui</Filter>
    </ClCompile>
    <ClCompile Include="external\Imgui\imgui_impl_win32.cpp">
      <Filter>Imgui</Filter>
    </ClCompile>
    <ClCompile Include="external\Imgui\imgui_widgets.cpp">
      <Filter>Imgui</Filter>
    </ClCompile>
    <ClCompile Include="src\Utils\singleton_template.cpp">
      <Filter>Utils</Filter>
    </ClCompile>
    <ClCompile Include="src\System\App.cpp">
      <Filter>System</Filter>
    </ClCompile>
    <ClCompile Include="src\System\GameManager.cpp">
      <Filter>System</Filter>
    </ClCompile>
    <ClCompile Include="src\System\Input.cpp">
      <Filter>System</Filter>
    </ClCompile>
    <ClCompile Include="src\System\Main.cpp">
      <Filter>System</Filter>
    </ClCompile>
    <ClCompile Include="src\System\Pch.cpp">
      <Filter>System</Filter>
    </ClCompile>
    <ClCompile Include="src\System\test.cpp">
      <Filter>System</Filter>
    </ClCompile>
    <ClCompile Include="src\System\Renderer\DXRRenderer.cpp">
      <Filter>System\Renderer</Filter>
    </ClCompile>
    <ClCompile Include="src\System\Renderer\Renderer.cpp">
      <Filter>System\Renderer</Filter>
    </ClCompile>
    <ClCompile Include="src\Scene\DXRScene.cpp">
      <Filter>Scene</Filter>
    </ClCompile>
    <ClCompile Include="src\Scene\CornelBoxScene.cpp">
      <Filter>Scene</Filter>
    </ClCompile>
    <ClCompile Include="src\GameObject\DXRBox.cpp">
      <Filter>GameObject</Filter>
    </ClCompile>
    <ClCompile Include="src\GameObject\DXRSphere.cpp">
      <Filter>GameObject</Filter>
    </ClCompile>
  </ItemGroup>
  <ItemGroup>
    <ClInclude Include="external\Imgui\imconfig.h">
      <Filter>Imgui</Filter>
    </ClInclude>
    <ClInclude Include="external\Imgui\imgui.h">
      <Filter>Imgui</Filter>
    </ClInclude>
    <ClInclude Include="external\Imgui\imgui_impl_dx12.h">
      <Filter>Imgui</Filter>
    </ClInclude>
    <ClInclude Include="external\Imgui\imgui_impl_win32.h">
      <Filter>Imgui</Filter>
    </ClInclude>
    <ClInclude Include="external\Imgui\imgui_internal.h">
      <Filter>Imgui</Filter>
    </ClInclude>
    <ClInclude Include="external\Imgui\imstb_rectpack.h">
      <Filter>Imgui</Filter>
    </ClInclude>
    <ClInclude Include="external\Imgui\imstb_textedit.h">
      <Filter>Imgui</Filter>
    </ClInclude>
    <ClInclude Include="external\Imgui\imstb_truetype.h">
      <Filter>Imgui</Filter>
    </ClInclude>
    <ClInclude Include="src\Utils\singleton_template.h">
      <Filter>Utils</Filter>
    </ClInclude>
    <ClInclude Include="src\Utils\UtilTypes.h">
      <Filter>Utils</Filter>
    </ClInclude>
    <ClInclude Include="src\System\App.h">
      <Filter>System</Filter>
    </ClInclude>
    <ClInclude Include="src\System\GameManager.h">
      <Filter>System</Filter>
    </ClInclude>
    <ClInclude Include="src\System\Input.h">
      <Filter>System</Filter>
    </ClInclude>
    <ClInclude Include="src\System\Pch.h">
      <Filter>System</Filter>
    </ClInclude>
    <ClInclude Include="src\System\Renderer\DXRRenderer.h">
      <Filter>System\Renderer</Filter>
    </ClInclude>
    <ClInclude Include="src\System\Renderer\Renderer.h">
      <Filter>System\Renderer</Filter>
    </ClInclude>
    <ClInclude Include="src\System\Renderer\DXRData.h">
      <Filter>System\Renderer</Filter>
    </ClInclude>
    <ClInclude Include="src\Scene\DXRScene.h">
      <Filter>Scene</Filter>
    </ClInclude>
    <ClInclude Include="src\Scene\Scene.h">
      <Filter>Scene</Filter>
    </ClInclude>
    <ClInclude Include="src\Scene\CornelBoxScene.h">
      <Filter>Scene</Filter>
    </ClInclude>
    <ClInclude Include="src\GameObject\GameObject2D.h">
      <Filter>GameObject</Filter>
    </ClInclude>
    <ClInclude Include="src\GameObject\GameObject3D.h">
      <Filter>GameObject</Filter>
    </ClInclude>
    <ClInclude Include="src\GameObject\DXRBox.h">
      <Filter>GameObject</Filter>
    </ClInclude>
    <ClInclude Include="src\GameObject\DXRShape.h">
      <Filter>GameObject</Filter>
    </ClInclude>
    <ClInclude Include="src\GameObject\DXRSphere.h">
      <Filter>GameObject</Filter>
    </ClInclude>
    <ClInclude Include="src\GameObject\GameObject.h">
      <Filter>GameObject</Filter>
    </ClInclude>
    <ClInclude Include="src\System\Rotation.h">
      <Filter>System</Filter>
    </ClInclude>
    <ClInclude Include="src\System\Scale.h">
      <Filter>System</Filter>
    </ClInclude>
    <ClInclude Include="src\System\Transform.h">
      <Filter>System</Filter>
    </ClInclude>
    <ClInclude Include="src\System\Position.h">
      <Filter>System</Filter>
    </ClInclude>
    <ClInclude Include="src\System\ComponentUtils.h">
      <Filter>System</Filter>
    </ClInclude>
  </ItemGroup>
  <ItemGroup>
    <None Include="packages.config" />
    <None Include="src\Shader\Common.hlsli">
      <Filter>Shader</Filter>
    </None>
    <None Include="src\Shader\Lib\LightFunc.hlsli">
      <Filter>Shader\Lib</Filter>
    </None>
    <None Include="src\Shader\Core\Types.hlsli">
      <Filter>Shader\Core</Filter>
    </None>
    <None Include="src\Shader\Lib\Utils.hlsli">
      <Filter>Shader\Lib</Filter>
    </None>
  </ItemGroup>
  <ItemGroup>
    <FxCompile Include="src\Shader\PostProcess\ATrousDenoiser.hlsl">
      <Filter>Shader\PostProcess</Filter>
    </FxCompile>
    <FxCompile Include="src\Shader\EntryPoints\ClosestHit_Dielectric.hlsl">
      <Filter>Shader\EntryPoints</Filter>
    </FxCompile>
    <FxCompile Include="src\Shader\EntryPoints\ClosestHit_DiffuseLight.hlsl">
      <Filter>Shader\EntryPoints</Filter>
    </FxCompile>
    <FxCompile Include="src\Shader\EntryPoints\ClosestHit_Lambertian.hlsl">
      <Filter>Shader\EntryPoints</Filter>
    </FxCompile>
    <FxCompile Include="src\Shader\EntryPoints\ClosestHit_Metal.hlsl">
      <Filter>Shader\EntryPoints</Filter>
    </FxCompile>
    <FxCompile Include="src\Shader\EntryPoints\RayGen.hlsl">
      <Filter>Shader\EntryPoints</Filter>
    </FxCompile>
    <FxCompile Include="src\Shader\EntryPoints\Miss.hlsl">
      <Filter>Shader\EntryPoints</Filter>
    </FxCompile>
  </ItemGroup>
</Project>